
Microsoft Visual Studio Solution File, Format Version 12.00
# Visual Studio Version 17
VisualStudioVersion = 17.2.32602.215
MinimumVisualStudioVersion = 10.0.40219.1
Project("{FAE04EC0-301F-11D3-BF4B-00C04F79EFBC}") = "Inheritance - Exercise", "Inheritance - Exercise\Inheritance - Exercise.csproj", "{9CF90339-CF7A-4EB5-840D-EE2BAB1DE5BF}"
EndProject
Project("{2150E333-8FDC-42A3-9474-1A3956D46DE8}") = "Folder", "Folder", "{58FC4517-9077-4700-BEC3-D2592B961B62}"
EndProject
Global
	GlobalSection(SolutionConfigurationPlatforms) = preSolution
		Debug|Any CPU = Debug|Any CPU
		Release|Any CPU = Release|Any CPU
	EndGlobalSection
	GlobalSection(ProjectConfigurationPlatforms) = postSolution
		{9CF90339-CF7A-4EB5-840D-EE2BAB1DE5BF}.Debug|Any CPU.ActiveCfg = Debug|Any CPU
		{9CF90339-CF7A-4EB5-840D-EE2BAB1DE5BF}.Debug|Any CPU.Build.0 = Debug|Any CPU
		{9CF90339-CF7A-4EB5-840D-EE2BAB1DE5BF}.Release|Any CPU.ActiveCfg = Release|Any CPU
		{9CF90339-CF7A-4EB5-840D-EE2BAB1DE5BF}.Release|Any CPU.Build.0 = Release|Any CPU
	EndGlobalSection
	GlobalSection(SolutionProperties) = preSolution
		HideSolutionNode = FALSE
	EndGlobalSection
	GlobalSection(ExtensibilityGlobals) = postSolution
		SolutionGuid = {40E8F1B4-B29E-4D61-A34C-4EAE778C5516}
	EndGlobalSection
EndGlobal
