
Microsoft Visual Studio Solution File, Format Version 12.00
# Visual Studio Version 17
VisualStudioVersion = 17.2.32602.215
MinimumVisualStudioVersion = 10.0.40219.1
Project("{FAE04EC0-301F-11D3-BF4B-00C04F79EFBC}") = "Inheritance - Lab", "Inheritance - Lab\Inheritance - Lab.csproj", "{BD39B757-5F32-469C-A0FA-F4CC68262B47}"
EndProject
Project("{FAE04EC0-301F-11D3-BF4B-00C04F79EFBC}") = "1. Single Inheritance", "1. Single Inheritance\1. Single Inheritance.csproj", "{D8602045-FA3F-4A1A-9DDD-9AC9B3AD1C8F}"
EndProject
Project("{FAE04EC0-301F-11D3-BF4B-00C04F79EFBC}") = "2.MultipleInheritance", "2.MultipleInheritance\2.MultipleInheritance.csproj", "{6FDA17DA-C473-4221-979A-61656D3A390C}"
EndProject
Project("{FAE04EC0-301F-11D3-BF4B-00C04F79EFBC}") = "3.HierarchicalInheritance", "3.HierarchicalInheritance\3.HierarchicalInheritance.csproj", "{A6C5D16B-3D6B-4B8A-AADE-720CED808A63}"
EndProject
Project("{FAE04EC0-301F-11D3-BF4B-00C04F79EFBC}") = "4.RandomList", "4.RandomList\4.RandomList.csproj", "{06565574-83BF-466C-82DA-E42443481360}"
EndProject
Project("{FAE04EC0-301F-11D3-BF4B-00C04F79EFBC}") = "5.StackofStrings", "5.StackofStrings\5.StackofStrings.csproj", "{6FCD4A17-3B92-4964-A845-B255B7950FC3}"
EndProject
Global
	GlobalSection(SolutionConfigurationPlatforms) = preSolution
		Debug|Any CPU = Debug|Any CPU
		Release|Any CPU = Release|Any CPU
	EndGlobalSection
	GlobalSection(ProjectConfigurationPlatforms) = postSolution
		{BD39B757-5F32-469C-A0FA-F4CC68262B47}.Debug|Any CPU.ActiveCfg = Debug|Any CPU
		{BD39B757-5F32-469C-A0FA-F4CC68262B47}.Debug|Any CPU.Build.0 = Debug|Any CPU
		{BD39B757-5F32-469C-A0FA-F4CC68262B47}.Release|Any CPU.ActiveCfg = Release|Any CPU
		{BD39B757-5F32-469C-A0FA-F4CC68262B47}.Release|Any CPU.Build.0 = Release|Any CPU
		{D8602045-FA3F-4A1A-9DDD-9AC9B3AD1C8F}.Debug|Any CPU.ActiveCfg = Debug|Any CPU
		{D8602045-FA3F-4A1A-9DDD-9AC9B3AD1C8F}.Debug|Any CPU.Build.0 = Debug|Any CPU
		{D8602045-FA3F-4A1A-9DDD-9AC9B3AD1C8F}.Release|Any CPU.ActiveCfg = Release|Any CPU
		{D8602045-FA3F-4A1A-9DDD-9AC9B3AD1C8F}.Release|Any CPU.Build.0 = Release|Any CPU
		{6FDA17DA-C473-4221-979A-61656D3A390C}.Debug|Any CPU.ActiveCfg = Debug|Any CPU
		{6FDA17DA-C473-4221-979A-61656D3A390C}.Debug|Any CPU.Build.0 = Debug|Any CPU
		{6FDA17DA-C473-4221-979A-61656D3A390C}.Release|Any CPU.ActiveCfg = Release|Any CPU
		{6FDA17DA-C473-4221-979A-61656D3A390C}.Release|Any CPU.Build.0 = Release|Any CPU
		{A6C5D16B-3D6B-4B8A-AADE-720CED808A63}.Debug|Any CPU.ActiveCfg = Debug|Any CPU
		{A6C5D16B-3D6B-4B8A-AADE-720CED808A63}.Debug|Any CPU.Build.0 = Debug|Any CPU
		{A6C5D16B-3D6B-4B8A-AADE-720CED808A63}.Release|Any CPU.ActiveCfg = Release|Any CPU
		{A6C5D16B-3D6B-4B8A-AADE-720CED808A63}.Release|Any CPU.Build.0 = Release|Any CPU
		{06565574-83BF-466C-82DA-E42443481360}.Debug|Any CPU.ActiveCfg = Debug|Any CPU
		{06565574-83BF-466C-82DA-E42443481360}.Debug|Any CPU.Build.0 = Debug|Any CPU
		{06565574-83BF-466C-82DA-E42443481360}.Release|Any CPU.ActiveCfg = Release|Any CPU
		{06565574-83BF-466C-82DA-E42443481360}.Release|Any CPU.Build.0 = Release|Any CPU
		{6FCD4A17-3B92-4964-A845-B255B7950FC3}.Debug|Any CPU.ActiveCfg = Debug|Any CPU
		{6FCD4A17-3B92-4964-A845-B255B7950FC3}.Debug|Any CPU.Build.0 = Debug|Any CPU
		{6FCD4A17-3B92-4964-A845-B255B7950FC3}.Release|Any CPU.ActiveCfg = Release|Any CPU
		{6FCD4A17-3B92-4964-A845-B255B7950FC3}.Release|Any CPU.Build.0 = Release|Any CPU
	EndGlobalSection
	GlobalSection(SolutionProperties) = preSolution
		HideSolutionNode = FALSE
	EndGlobalSection
	GlobalSection(ExtensibilityGlobals) = postSolution
		SolutionGuid = {5D1BB7E3-ED4F-4B8F-8DEE-052039151B2E}
	EndGlobalSection
EndGlobal
