
Microsoft Visual Studio Solution File, Format Version 12.00
# Visual Studio Version 17
VisualStudioVersion = 17.2.32602.215
MinimumVisualStudioVersion = 10.0.40219.1
Project("{9A19103F-16F7-4668-BE54-9A1E7A4F7556}") = "Interfaces and Abstraction - Exercise", "Interfaces and Abstraction - Exercise\Interfaces and Abstraction - Exercise.csproj", "{B9FCC9E0-B880-4FA7-9A95-DC388E94AB7E}"
EndProject
Project("{9A19103F-16F7-4668-BE54-9A1E7A4F7556}") = "1.DefineanInterfaceIPerson", "1.DefineanInterfaceIPerson\1.DefineanInterfaceIPerson.csproj", "{D8213288-BD1A-4EE7-AF98-D3AEEF833D43}"
EndProject
Project("{9A19103F-16F7-4668-BE54-9A1E7A4F7556}") = "2.MultipleImplementation", "2.MultipleImplementation\2.MultipleImplementation.csproj", "{3BF087B5-2B4F-4040-B78D-9A57F181159F}"
EndProject
Project("{9A19103F-16F7-4668-BE54-9A1E7A4F7556}") = "3.Telephony", "3.Telephony\3.Telephony.csproj", "{6ED3E5CF-0879-4BB4-8030-FE2DB53289D8}"
EndProject
Project("{9A19103F-16F7-4668-BE54-9A1E7A4F7556}") = "8.CollectionHierarchy", "8.CollectionHierarchy\8.CollectionHierarchy.csproj", "{B973D6AC-B4CF-4366-95CB-8266FA5431A1}"
EndProject
Project("{9A19103F-16F7-4668-BE54-9A1E7A4F7556}") = "4.BorderControl", "4.BorderControl\4.BorderControl.csproj", "{BBC65AF7-27F4-4A60-8B80-FF7D2B4D6279}"
EndProject
Project("{9A19103F-16F7-4668-BE54-9A1E7A4F7556}") = "5.BirthdayCelebrations", "5.BirthdayCelebrations\5.BirthdayCelebrations.csproj", "{7E347A8E-C8C9-47E5-A8C6-5CFC5299F10E}"
EndProject
Project("{9A19103F-16F7-4668-BE54-9A1E7A4F7556}") = "6.FoodShortage", "6.FoodShortage\6.FoodShortage.csproj", "{71677724-5567-44D3-9FEA-2A35345E13CF}"
EndProject
Project("{FAE04EC0-301F-11D3-BF4B-00C04F79EFBC}") = "9.ExplicitInterfaces", "9.ExplicitInterfaces\9.ExplicitInterfaces.csproj", "{885B2A3C-40CF-42B5-90A1-16ECD0098DDA}"
EndProject
Global
	GlobalSection(SolutionConfigurationPlatforms) = preSolution
		Debug|Any CPU = Debug|Any CPU
		Release|Any CPU = Release|Any CPU
	EndGlobalSection
	GlobalSection(ProjectConfigurationPlatforms) = postSolution
		{B9FCC9E0-B880-4FA7-9A95-DC388E94AB7E}.Debug|Any CPU.ActiveCfg = Debug|Any CPU
		{B9FCC9E0-B880-4FA7-9A95-DC388E94AB7E}.Debug|Any CPU.Build.0 = Debug|Any CPU
		{B9FCC9E0-B880-4FA7-9A95-DC388E94AB7E}.Release|Any CPU.ActiveCfg = Release|Any CPU
		{B9FCC9E0-B880-4FA7-9A95-DC388E94AB7E}.Release|Any CPU.Build.0 = Release|Any CPU
		{D8213288-BD1A-4EE7-AF98-D3AEEF833D43}.Debug|Any CPU.ActiveCfg = Debug|Any CPU
		{D8213288-BD1A-4EE7-AF98-D3AEEF833D43}.Debug|Any CPU.Build.0 = Debug|Any CPU
		{D8213288-BD1A-4EE7-AF98-D3AEEF833D43}.Release|Any CPU.ActiveCfg = Release|Any CPU
		{D8213288-BD1A-4EE7-AF98-D3AEEF833D43}.Release|Any CPU.Build.0 = Release|Any CPU
		{3BF087B5-2B4F-4040-B78D-9A57F181159F}.Debug|Any CPU.ActiveCfg = Debug|Any CPU
		{3BF087B5-2B4F-4040-B78D-9A57F181159F}.Debug|Any CPU.Build.0 = Debug|Any CPU
		{3BF087B5-2B4F-4040-B78D-9A57F181159F}.Release|Any CPU.ActiveCfg = Release|Any CPU
		{3BF087B5-2B4F-4040-B78D-9A57F181159F}.Release|Any CPU.Build.0 = Release|Any CPU
		{6ED3E5CF-0879-4BB4-8030-FE2DB53289D8}.Debug|Any CPU.ActiveCfg = Debug|Any CPU
		{6ED3E5CF-0879-4BB4-8030-FE2DB53289D8}.Debug|Any CPU.Build.0 = Debug|Any CPU
		{6ED3E5CF-0879-4BB4-8030-FE2DB53289D8}.Release|Any CPU.ActiveCfg = Release|Any CPU
		{6ED3E5CF-0879-4BB4-8030-FE2DB53289D8}.Release|Any CPU.Build.0 = Release|Any CPU
		{B973D6AC-B4CF-4366-95CB-8266FA5431A1}.Debug|Any CPU.ActiveCfg = Debug|Any CPU
		{B973D6AC-B4CF-4366-95CB-8266FA5431A1}.Debug|Any CPU.Build.0 = Debug|Any CPU
		{B973D6AC-B4CF-4366-95CB-8266FA5431A1}.Release|Any CPU.ActiveCfg = Release|Any CPU
		{B973D6AC-B4CF-4366-95CB-8266FA5431A1}.Release|Any CPU.Build.0 = Release|Any CPU
		{BBC65AF7-27F4-4A60-8B80-FF7D2B4D6279}.Debug|Any CPU.ActiveCfg = Debug|Any CPU
		{BBC65AF7-27F4-4A60-8B80-FF7D2B4D6279}.Debug|Any CPU.Build.0 = Debug|Any CPU
		{BBC65AF7-27F4-4A60-8B80-FF7D2B4D6279}.Release|Any CPU.ActiveCfg = Release|Any CPU
		{BBC65AF7-27F4-4A60-8B80-FF7D2B4D6279}.Release|Any CPU.Build.0 = Release|Any CPU
		{7E347A8E-C8C9-47E5-A8C6-5CFC5299F10E}.Debug|Any CPU.ActiveCfg = Debug|Any CPU
		{7E347A8E-C8C9-47E5-A8C6-5CFC5299F10E}.Debug|Any CPU.Build.0 = Debug|Any CPU
		{7E347A8E-C8C9-47E5-A8C6-5CFC5299F10E}.Release|Any CPU.ActiveCfg = Release|Any CPU
		{7E347A8E-C8C9-47E5-A8C6-5CFC5299F10E}.Release|Any CPU.Build.0 = Release|Any CPU
		{71677724-5567-44D3-9FEA-2A35345E13CF}.Debug|Any CPU.ActiveCfg = Debug|Any CPU
		{71677724-5567-44D3-9FEA-2A35345E13CF}.Debug|Any CPU.Build.0 = Debug|Any CPU
		{71677724-5567-44D3-9FEA-2A35345E13CF}.Release|Any CPU.ActiveCfg = Release|Any CPU
		{71677724-5567-44D3-9FEA-2A35345E13CF}.Release|Any CPU.Build.0 = Release|Any CPU
		{885B2A3C-40CF-42B5-90A1-16ECD0098DDA}.Debug|Any CPU.ActiveCfg = Debug|Any CPU
		{885B2A3C-40CF-42B5-90A1-16ECD0098DDA}.Debug|Any CPU.Build.0 = Debug|Any CPU
		{885B2A3C-40CF-42B5-90A1-16ECD0098DDA}.Release|Any CPU.ActiveCfg = Release|Any CPU
		{885B2A3C-40CF-42B5-90A1-16ECD0098DDA}.Release|Any CPU.Build.0 = Release|Any CPU
	EndGlobalSection
	GlobalSection(SolutionProperties) = preSolution
		HideSolutionNode = FALSE
	EndGlobalSection
	GlobalSection(ExtensibilityGlobals) = postSolution
		SolutionGuid = {3CC908C5-7270-4B09-928B-0EA25D8BA946}
	EndGlobalSection
EndGlobal
