
Microsoft Visual Studio Solution File, Format Version 12.00
# Visual Studio Version 17
VisualStudioVersion = 17.2.32630.192
MinimumVisualStudioVersion = 10.0.40219.1
Project("{FAE04EC0-301F-11D3-BF4B-00C04F79EFBC}") = "Reflection and Attributes - Lab", "Reflection and Attributes - Lab\Reflection and Attributes - Lab.csproj", "{43D36E30-5971-40C1-8685-2679A0FEB0C2}"
EndProject
Global
	GlobalSection(SolutionConfigurationPlatforms) = preSolution
		Debug|Any CPU = Debug|Any CPU
		Release|Any CPU = Release|Any CPU
	EndGlobalSection
	GlobalSection(ProjectConfigurationPlatforms) = postSolution
		{43D36E30-5971-40C1-8685-2679A0FEB0C2}.Debug|Any CPU.ActiveCfg = Debug|Any CPU
		{43D36E30-5971-40C1-8685-2679A0FEB0C2}.Debug|Any CPU.Build.0 = Debug|Any CPU
		{43D36E30-5971-40C1-8685-2679A0FEB0C2}.Release|Any CPU.ActiveCfg = Release|Any CPU
		{43D36E30-5971-40C1-8685-2679A0FEB0C2}.Release|Any CPU.Build.0 = Release|Any CPU
	EndGlobalSection
	GlobalSection(SolutionProperties) = preSolution
		HideSolutionNode = FALSE
	EndGlobalSection
	GlobalSection(ExtensibilityGlobals) = postSolution
		SolutionGuid = {91D92CF6-71F1-41B1-99C0-1AF4EDA87B89}
	EndGlobalSection
EndGlobal
